<?xml version="1.0" encoding="utf-8"?>
<Project ToolsVersion="4.0" xmlns="http://schemas.microsoft.com/developer/msbuild/2003">
  <ItemGroup>
    <ClCompile Include="source\app\entity_factory.cpp" />
    <ClCompile Include="source\engine\managers\input_manager.cpp" />
    <ClCompile Include="source\engine\managers\resource_manager.cpp" />
    <ClCompile Include="source\engine\core\game_context.cpp" />
    <ClCompile Include="source\app\main.cpp" />
    <ClCompile Include="source\engine\utils\common_utilities.cpp" />
    <ClCompile Include="source\app\game.cpp" />
    <ClCompile Include="source\engine\math\vector2.cpp" />
    <ClCompile Include="source\engine\rendering\renderer.cpp" />
    <ClCompile Include="source\engine\rendering\resource\loader\sprite_anim_loader.cpp" />
    <ClCompile Include="source\engine\rendering\resource\loader\sprite_loader.cpp" />
    <ClCompile Include="source\engine\scene\scene.cpp" />
    <ClCompile Include="source\app\scene\game_scene.cpp" />
    <ClCompile Include="source\engine\utils\json_utilities.cpp" />
    <ClCompile Include="source\app\waves\wave.cpp" />
    <ClCompile Include="source\app\waves\wave_factory.cpp" />
    <ClCompile Include="source\app\waves\wave1.cpp" />
    <ClCompile Include="source\app\systems\enemy_movement_system.cpp" />
    <ClCompile Include="source\app\systems\player_movement_system.cpp" />
    <ClCompile Include="source\engine\systems\sprite_render_system.cpp" />
    <ClCompile Include="source\engine\systems\system_interface.cpp" />
    <ClCompile Include="source\engine\systems\movement_system.cpp" />
    <ClCompile Include="source\engine\systems\sprite_animation_system.cpp" />
    <ClCompile Include="source\app\systems\out_of_screen_system.cpp" />
    <ClCompile Include="source\app\systems\input_system.cpp" />
    <ClCompile Include="source\engine\managers\system_manager.cpp" />
    <ClCompile Include="source\engine\core\game_timer.cpp" />
    <ClCompile Include="source\engine\managers\scene_manager.cpp" />
    <ClCompile Include="source\engine\systems\fade_system.cpp" />
    <ClCompile Include="source\app\scene\title_scene.cpp" />
    <ClCompile Include="source\app\systems\screen_bounds_system.cpp" />
    <ClCompile Include="source\app\systems\life_cycle_system.cpp" />
    <ClCompile Include="source\engine\rendering\resource\color.cpp" />
    <ClCompile Include="source\app\components\bounding_box.cpp" />
    <ClCompile Include="source\engine\components\fade.cpp" />
    <ClCompile Include="source\engine\components\render_type_tag.cpp" />
    <ClCompile Include="source\engine\components\sprite.cpp" />
    <ClCompile Include="source\engine\components\sprite_anim.cpp" />
    <ClCompile Include="source\engine\components\text.cpp" />
    <ClCompile Include="source\engine\components\transform.cpp" />
    <ClCompile Include="source\engine\components\velocity.cpp" />
    <ClCompile Include="source\engine\rendering\resource\loader\font_loader.cpp" />
    <ClCompile Include="source\app\components\entity_type_tag.cpp" />
    <ClCompile Include="source\app\systems\sprite_brink_system.cpp" />
    <ClCompile Include="source\app\components\player_input.cpp" />
    <ClCompile Include="source\app\systems\shoot_system.cpp" />
    <ClCompile Include="source\engine\systems\rotate_system.cpp" />
    <ClCompile Include="source\engine\systems\scale_system.cpp" />
    <ClCompile Include="source\app\systems\facing_system.cpp" />
    <ClCompile Include="source\app\systems\collision_system.cpp" />
    <ClCompile Include="source\app\systems\highlight_system.cpp" />
    <ClCompile Include="source\app\systems\menu_system.cpp" />
    <ClCompile Include="source\engine\events\event_listener.cpp" />
    <ClCompile Include="source\app\systems\hit_resolution_system.cpp" />
    <ClCompile Include="source\app\systems\game_over_system.cpp" />
    <ClCompile Include="source\app\scene\game_over_scene.cpp" />
    <ClCompile Include="source\app\systems\transform_link_system.cpp" />
    <ClCompile Include="source\engine\sound\sound_mixer.cpp" />
    <ClCompile Include="source\engine\sound\resource\loader\sound_loader.cpp" />
    <ClCompile Include="source\engine\systems\sound_system.cpp" />
  </ItemGroup>
  <ItemGroup>
    <ClInclude Include="source\Components\sprite.hpp" />
    <ClInclude Include="source\math\vector.hpp" />
    <ClInclude Include="source\resource\resource_manager.hpp" />
    <ClInclude Include="source\entity_factory.hpp" />
    <ClInclude Include="source\sequencer.hpp" />
    <ClInclude Include="source\engine\components\sprite_anim.hpp" />
    <ClInclude Include="source\engine\components\sprite.hpp" />
    <ClInclude Include="source\engine\components\transform.hpp" />
    <ClInclude Include="source\engine\components\velocity.hpp" />
    <ClInclude Include="source\app\entity_factory.hpp" />
    <ClInclude Include="source\engine\managers\input_manager.hpp" />
    <ClInclude Include="source\engine\managers\resource_manager.hpp" />
    <ClInclude Include="source\engine\managers\scene_manager.hpp" />
    <ClInclude Include="source\engine\core\forward_declarations.hpp" />
    <ClInclude Include="source\engine\core\game_exception.hpp" />
    <ClInclude Include="source\engine\core\game_context.hpp" />
    <ClInclude Include="source\engine\utils\json_utilities.hpp" />
    <ClInclude Include="source\engine\utils\common_utilities.hpp" />
    <ClInclude Include="source\engine\third_party\entt\entt.hpp" />
    <ClInclude Include="source\app\game.hpp" />
    <ClInclude Include="source\engine\math\vector2.hpp" />
    <ClInclude Include="source\engine\third_party\nlohmann\adl_serializer.hpp" />
    <ClInclude Include="source\engine\third_party\nlohmann\byte_container_with_subtype.hpp" />
    <ClInclude Include="source\engine\third_party\nlohmann\detail\abi_macros.hpp" />
    <ClInclude Include="source\engine\third_party\nlohmann\detail\conversions\from_json.hpp" />
    <ClInclude Include="source\engine\third_party\nlohmann\detail\conversions\to_chars.hpp" />
    <ClInclude Include="source\engine\third_party\nlohmann\detail\conversions\to_json.hpp" />
    <ClInclude Include="source\engine\third_party\nlohmann\detail\exceptions.hpp" />
    <ClInclude Include="source\engine\third_party\nlohmann\detail\hash.hpp" />
    <ClInclude Include="source\engine\third_party\nlohmann\detail\input\binary_reader.hpp" />
    <ClInclude Include="source\engine\third_party\nlohmann\detail\input\input_adapters.hpp" />
    <ClInclude Include="source\engine\third_party\nlohmann\detail\input\json_sax.hpp" />
    <ClInclude Include="source\engine\third_party\nlohmann\detail\input\lexer.hpp" />
    <ClInclude Include="source\engine\third_party\nlohmann\detail\input\parser.hpp" />
    <ClInclude Include="source\engine\third_party\nlohmann\detail\input\position_t.hpp" />
    <ClInclude Include="source\engine\third_party\nlohmann\detail\iterators\internal_iterator.hpp" />
    <ClInclude Include="source\engine\third_party\nlohmann\detail\iterators\iteration_proxy.hpp" />
    <ClInclude Include="source\engine\third_party\nlohmann\detail\iterators\iterator_traits.hpp" />
    <ClInclude Include="source\engine\third_party\nlohmann\detail\iterators\iter_impl.hpp" />
    <ClInclude Include="source\engine\third_party\nlohmann\detail\iterators\json_reverse_iterator.hpp" />
    <ClInclude Include="source\engine\third_party\nlohmann\detail\iterators\primitive_iterator.hpp" />
    <ClInclude Include="source\engine\third_party\nlohmann\detail\json_custom_base_class.hpp" />
    <ClInclude Include="source\engine\third_party\nlohmann\detail\json_pointer.hpp" />
    <ClInclude Include="source\engine\third_party\nlohmann\detail\json_ref.hpp" />
    <ClInclude Include="source\engine\third_party\nlohmann\detail\macro_scope.hpp" />
    <ClInclude Include="source\engine\third_party\nlohmann\detail\macro_unscope.hpp" />
    <ClInclude Include="source\engine\third_party\nlohmann\detail\meta\call_std\begin.hpp" />
    <ClInclude Include="source\engine\third_party\nlohmann\detail\meta\call_std\end.hpp" />
    <ClInclude Include="source\engine\third_party\nlohmann\detail\meta\cpp_future.hpp" />
    <ClInclude Include="source\engine\third_party\nlohmann\detail\meta\detected.hpp" />
    <ClInclude Include="source\engine\third_party\nlohmann\detail\meta\identity_tag.hpp" />
    <ClInclude Include="source\engine\third_party\nlohmann\detail\meta\is_sax.hpp" />
    <ClInclude Include="source\engine\third_party\nlohmann\detail\meta\std_fs.hpp" />
    <ClInclude Include="source\engine\third_party\nlohmann\detail\meta\type_traits.hpp" />
    <ClInclude Include="source\engine\third_party\nlohmann\detail\meta\void_t.hpp" />
    <ClInclude Include="source\engine\third_party\nlohmann\detail\output\binary_writer.hpp" />
    <ClInclude Include="source\engine\third_party\nlohmann\detail\output\output_adapters.hpp" />
    <ClInclude Include="source\engine\third_party\nlohmann\detail\output\serializer.hpp" />
    <ClInclude Include="source\engine\third_party\nlohmann\detail\string_concat.hpp" />
    <ClInclude Include="source\engine\third_party\nlohmann\detail\string_escape.hpp" />
    <ClInclude Include="source\engine\third_party\nlohmann\detail\string_utils.hpp" />
    <ClInclude Include="source\engine\third_party\nlohmann\detail\value_t.hpp" />
    <ClInclude Include="source\engine\third_party\nlohmann\json.hpp" />
    <ClInclude Include="source\engine\third_party\nlohmann\json_fwd.hpp" />
    <ClInclude Include="source\engine\third_party\nlohmann\ordered_map.hpp" />
    <ClInclude Include="source\engine\third_party\nlohmann\thirdparty\hedley\hedley.hpp" />
    <ClInclude Include="source\engine\third_party\nlohmann\thirdparty\hedley\hedley_undef.hpp" />
    <ClInclude Include="source\engine\rendering\renderer.hpp" />
    <ClInclude Include="source\engine\rendering\resource\loader\sprite_anim_loader.hpp" />
    <ClInclude Include="source\engine\rendering\resource\loader\sprite_loader.hpp" />
    <ClInclude Include="source\engine\rendering\resource\sprite_anim_resource.hpp" />
    <ClInclude Include="source\engine\scene\scene.hpp" />
    <ClInclude Include="source\app\scene\game_scene.hpp" />
    <ClInclude Include="source\engine\systems\system_interface.hpp" />
    <ClInclude Include="source\app\waves\wave.hpp" />
    <ClInclude Include="source\app\waves\wave_factory.hpp" />
    <ClInclude Include="source\app\waves\wave1.hpp" />
    <ClInclude Include="source\engine\rendering\resource\sprite_resource.hpp" />
    <ClInclude Include="source\app\forward_declarations.hpp" />
    <ClInclude Include="source\app\systems\enemy_movement_system.hpp" />
    <ClInclude Include="source\app\components\enemy_leader.hpp" />
    <ClInclude Include="source\app\components\enemy_follower.hpp" />
    <ClInclude Include="source\engine\basic_component.hpp" />
    <ClInclude Include="source\app\components\player_movement.hpp" />
    <ClInclude Include="source\app\systems\player_movement_system.hpp" />
    <ClInclude Include="source\engine\systems\sprite_render_system.hpp" />
    <ClInclude Include="source\engine\systems\movement_system.hpp" />
    <ClInclude Include="source\engine\systems\sprite_animation_system.hpp" />
    <ClInclude Include="source\app\components\out_of_screen_behavior.hpp" />
    <ClInclude Include="source\app\systems\out_of_screen_system.hpp" />
    <ClInclude Include="source\app\components\bounding_box.hpp" />
    <ClInclude Include="source\app\components\player_input.hpp" />
    <ClInclude Include="source\app\systems\input_system.hpp" />
    <ClInclude Include="source\engine\managers\system_manager.hpp" />
    <ClInclude Include="source\engine\core\game_timer.hpp" />
    <ClInclude Include="source\engine\basic_system.hpp" />
    <ClInclude Include="source\engine\utils.hpp" />
    <ClInclude Include="source\engine\core.hpp" />
    <ClInclude Include="source\engine\math.hpp" />
    <ClInclude Include="source\engine\graphics.hpp" />
    <ClInclude Include="source\engine\forward.hpp" />
    <ClInclude Include="source\engine\sdl_engine.hpp" />
    <ClInclude Include="source\engine\components\fade.hpp" />
    <ClInclude Include="source\engine\systems\fade_system.hpp" />
    <ClInclude Include="source\engine\Components\active.hpp" />
    <ClInclude Include="source\app\scene\title_scene.hpp" />
    <ClInclude Include="source\app\systems\screen_bounds_system.hpp" />
    <ClInclude Include="source\engine\components\enable_tag_components.hpp" />
    <ClInclude Include="source\app\components\lifecycle.hpp" />
    <ClInclude Include="source\app\systems\life_cycle_system.hpp" />
    <ClInclude Include="source\app\components\lifecycle_tags.hpp" />
    <ClInclude Include="source\app\components\title_input.hpp" />
    <ClInclude Include="source\engine\rendering\resource\color.hpp" />
    <ClInclude Include="source\engine\components\render_type_tag.hpp" />
    <ClInclude Include="source\engine\components\text.hpp" />
    <ClInclude Include="source\engine\rendering\resource\font_resource.hpp" />
    <ClInclude Include="source\engine\rendering\resource\loader\font_loader.hpp" />
    <ClInclude Include="source\app\components\entity_type_tag.hpp" />
    <ClInclude Include="source\app\components\sprite_brink.hpp" />
    <ClInclude Include="source\app\systems\sprite_brink_system.hpp" />
    <ClInclude Include="source\app\components\shooter.hpp" />
    <ClInclude Include="source\app\systems\shoot_system.hpp" />
    <ClInclude Include="source\engine\systems\rotate_system.hpp" />
    <ClInclude Include="source\engine\systems\scale_system.hpp" />
    <ClInclude Include="source\engine\Components\use_custom_update_transform_tags.hpp" />
    <ClInclude Include="source\engine\components\direct_control_tags.hpp" />
    <ClInclude Include="source\app\components\serpentine_movement.hpp" />
    <ClInclude Include="source\app\event\shoot_event.hpp" />
    <ClInclude Include="source\engine\events\fade_events.hpp" />
    <ClInclude Include="source\app\systems\facing_system.hpp" />
    <ClInclude Include="source\app\systems\collision_system.hpp" />
    <ClInclude Include="source\app\components\life.hpp" />
    <ClInclude Include="source\app\event\dead_event.hpp" />
    <ClInclude Include="source\engine\events\quit_event.hpp" />
    <ClInclude Include="source\app\systems\highlight_system.hpp" />
    <ClInclude Include="source\app\event\highlight_event.hpp" />
    <ClInclude Include="source\app\components\highlightable.hpp" />
    <ClInclude Include="source\app\systems\menu_system.hpp" />
    <ClInclude Include="source\app\event\menu_button_event.hpp" />
    <ClInclude Include="source\app\event\key_down_event.hpp" />
    <ClInclude Include="source\app\components\title_menu.hpp" />
    <ClInclude Include="source\app\components\button_ui.hpp" />
    <ClInclude Include="source\app\components\affiliation.hpp" />
    <ClInclude Include="source\engine\events\event_listener.hpp" />
    <ClInclude Include="source\app\components\damage.hpp" />
    <ClInclude Include="source\app\components\status.hpp" />
    <ClInclude Include="source\engine\events\sprite_anim_end_event.hpp" />
    <ClInclude Include="source\app\event\hit_event.hpp" />
    <ClInclude Include="source\app\systems\hit_resolution_system.hpp" />
    <ClInclude Include="source\app\event\append_dead_effect_event.hpp" />
    <ClInclude Include="source\app\components\damage_effect_property.hpp" />
    <ClInclude Include="source\engine\events\fade_render_layer_change_event.hpp" />
    <ClInclude Include="source\app\event\game_over_event.hpp" />
    <ClInclude Include="source\app\systems\game_over_system.hpp" />
    <ClInclude Include="source\app\event\append_overray_fade_event.hpp" />
    <ClInclude Include="source\app\scene\game_over_scene.hpp" />
    <ClInclude Include="source\app\components\transform_link.hpp" />
    <ClInclude Include="source\app\systems\transform_link_system.hpp" />
    <ClInclude Include="source\engine\sound\sound_mixer.hpp" />
    <ClInclude Include="source\engine\sound\resource\sound_resource.hpp" />
    <ClInclude Include="source\engine\sound\resource\loader\sound_loader.hpp" />
    <ClInclude Include="source\engine\components\soundeffect.hpp" />
    <ClInclude Include="source\engine\systems\sound_system.hpp" />
    <ClInclude Include="source\engine\events\sound_events.hpp" />
    <ClInclude Include="source\engine\components\background_music.hpp" />
    <ClInclude Include="source\app\components\sin_wave_movement.hpp" />
    <ClInclude Include="source\app\components\stop_and_shoot_movement.hpp" />
    <ClInclude Include="source\app\components\target.hpp" />
    <ClInclude Include="source\app\components\facing_tag.hpp" />
  </ItemGroup>
</Project>